// !$*UTF8*$!
{
	archiveVersion = 1;
	classes = {
	};
	objectVersion = 46;
	objects = {

/* Begin PBXBuildFile section */
		1476043517BA6EE00049A857 /* Foundation.framework in Frameworks */ = {isa = PBXBuildFile; fileRef = 1476043417BA6EE00049A857 /* Foundation.framework */; };
		1476043717BA6EE00049A857 /* CoreGraphics.framework in Frameworks */ = {isa = PBXBuildFile; fileRef = 1476043617BA6EE00049A857 /* CoreGraphics.framework */; };
		1476043917BA6EE00049A857 /* UIKit.framework in Frameworks */ = {isa = PBXBuildFile; fileRef = 1476043817BA6EE00049A857 /* UIKit.framework */; };
		1476043F17BA6EE00049A857 /* InfoPlist.strings in Resources */ = {isa = PBXBuildFile; fileRef = 1476043D17BA6EE00049A857 /* InfoPlist.strings */; };
		1476044117BA6EE00049A857 /* main.m in Sources */ = {isa = PBXBuildFile; fileRef = 1476044017BA6EE00049A857 /* main.m */; };
		1476044517BA6EE00049A857 /* RDCAppDelegate.m in Sources */ = {isa = PBXBuildFile; fileRef = 1476044417BA6EE00049A857 /* RDCAppDelegate.m */; };
		1476044817BA6EE00049A857 /* Main.storyboard in Resources */ = {isa = PBXBuildFile; fileRef = 1476044617BA6EE00049A857 /* Main.storyboard */; };
		1476044D17BA6EE00049A857 /* Images.xcassets in Resources */ = {isa = PBXBuildFile; fileRef = 1476044C17BA6EE00049A857 /* Images.xcassets */; };
		1476045417BA6EE00049A857 /* XCTest.framework in Frameworks */ = {isa = PBXBuildFile; fileRef = 1476045317BA6EE00049A857 /* XCTest.framework */; };
		1476045517BA6EE00049A857 /* Foundation.framework in Frameworks */ = {isa = PBXBuildFile; fileRef = 1476043417BA6EE00049A857 /* Foundation.framework */; };
		1476045617BA6EE00049A857 /* UIKit.framework in Frameworks */ = {isa = PBXBuildFile; fileRef = 1476043817BA6EE00049A857 /* UIKit.framework */; };
		1476045E17BA6EE00049A857 /* InfoPlist.strings in Resources */ = {isa = PBXBuildFile; fileRef = 1476045C17BA6EE00049A857 /* InfoPlist.strings */; };
		1476046017BA6EE00049A857 /* CreateDigitalTests.m in Sources */ = {isa = PBXBuildFile; fileRef = 1476045F17BA6EE00049A857 /* CreateDigitalTests.m */; };
		1476047617BA76340049A857 /* RDCFontBookController.m in Sources */ = {isa = PBXBuildFile; fileRef = 1476047417BA76340049A857 /* RDCFontBookController.m */; };
		1476047717BA76340049A857 /* RDCFontBookController.xib in Resources */ = {isa = PBXBuildFile; fileRef = 1476047517BA76340049A857 /* RDCFontBookController.xib */; };
/* End PBXBuildFile section */

/* Begin PBXContainerItemProxy section */
		1476045717BA6EE00049A857 /* PBXContainerItemProxy */ = {
			isa = PBXContainerItemProxy;
			containerPortal = 1476042917BA6EE00049A857 /* Project object */;
			proxyType = 1;
			remoteGlobalIDString = 1476043017BA6EE00049A857;
			remoteInfo = CreateDigital;
		};
/* End PBXContainerItemProxy section */

/* Begin PBXFileReference section */
		1476043117BA6EE00049A857 /* CreateDigital.app */ = {isa = PBXFileReference; explicitFileType = wrapper.application; includeInIndex = 0; path = CreateDigital.app; sourceTree = BUILT_PRODUCTS_DIR; };
		1476043417BA6EE00049A857 /* Foundation.framework */ = {isa = PBXFileReference; lastKnownFileType = wrapper.framework; name = Foundation.framework; path = System/Library/Frameworks/Foundation.framework; sourceTree = SDKROOT; };
		1476043617BA6EE00049A857 /* CoreGraphics.framework */ = {isa = PBXFileReference; lastKnownFileType = wrapper.framework; name = CoreGraphics.framework; path = System/Library/Frameworks/CoreGraphics.framework; sourceTree = SDKROOT; };
		1476043817BA6EE00049A857 /* UIKit.framework */ = {isa = PBXFileReference; lastKnownFileType = wrapper.framework; name = UIKit.framework; path = System/Library/Frameworks/UIKit.framework; sourceTree = SDKROOT; };
		1476043C17BA6EE00049A857 /* CreateDigital-Info.plist */ = {isa = PBXFileReference; lastKnownFileType = text.plist.xml; path = "CreateDigital-Info.plist"; sourceTree = "<group>"; };
		1476043E17BA6EE00049A857 /* en */ = {isa = PBXFileReference; lastKnownFileType = text.plist.strings; name = en; path = en.lproj/InfoPlist.strings; sourceTree = "<group>"; };
		1476044017BA6EE00049A857 /* main.m */ = {isa = PBXFileReference; lastKnownFileType = sourcecode.c.objc; path = main.m; sourceTree = "<group>"; };
		1476044217BA6EE00049A857 /* CreateDigital-Prefix.pch */ = {isa = PBXFileReference; lastKnownFileType = sourcecode.c.h; path = "CreateDigital-Prefix.pch"; sourceTree = "<group>"; };
		1476044317BA6EE00049A857 /* RDCAppDelegate.h */ = {isa = PBXFileReference; lastKnownFileType = sourcecode.c.h; path = RDCAppDelegate.h; sourceTree = "<group>"; };
		1476044417BA6EE00049A857 /* RDCAppDelegate.m */ = {isa = PBXFileReference; lastKnownFileType = sourcecode.c.objc; path = RDCAppDelegate.m; sourceTree = "<group>"; };
		1476044717BA6EE00049A857 /* Base */ = {isa = PBXFileReference; lastKnownFileType = file.storyboard; name = Base; path = Base.lproj/Main.storyboard; sourceTree = "<group>"; };
		1476044C17BA6EE00049A857 /* Images.xcassets */ = {isa = PBXFileReference; lastKnownFileType = folder.assetcatalog; path = Images.xcassets; sourceTree = "<group>"; };
		1476045217BA6EE00049A857 /* CreateDigitalTests.xctest */ = {isa = PBXFileReference; explicitFileType = wrapper.cfbundle; includeInIndex = 0; path = CreateDigitalTests.xctest; sourceTree = BUILT_PRODUCTS_DIR; };
		1476045317BA6EE00049A857 /* XCTest.framework */ = {isa = PBXFileReference; lastKnownFileType = wrapper.framework; name = XCTest.framework; path = Library/Frameworks/XCTest.framework; sourceTree = DEVELOPER_DIR; };
		1476045B17BA6EE00049A857 /* CreateDigitalTests-Info.plist */ = {isa = PBXFileReference; lastKnownFileType = text.plist.xml; path = "CreateDigitalTests-Info.plist"; sourceTree = "<group>"; };
		1476045D17BA6EE00049A857 /* en */ = {isa = PBXFileReference; lastKnownFileType = text.plist.strings; name = en; path = en.lproj/InfoPlist.strings; sourceTree = "<group>"; };
		1476045F17BA6EE00049A857 /* CreateDigitalTests.m */ = {isa = PBXFileReference; lastKnownFileType = sourcecode.c.objc; path = CreateDigitalTests.m; sourceTree = "<group>"; };
		1476047317BA76340049A857 /* RDCFontBookController.h */ = {isa = PBXFileReference; fileEncoding = 4; lastKnownFileType = sourcecode.c.h; path = RDCFontBookController.h; sourceTree = "<group>"; };
		1476047417BA76340049A857 /* RDCFontBookController.m */ = {isa = PBXFileReference; fileEncoding = 4; lastKnownFileType = sourcecode.c.objc; path = RDCFontBookController.m; sourceTree = "<group>"; };
		1476047517BA76340049A857 /* RDCFontBookController.xib */ = {isa = PBXFileReference; fileEncoding = 4; lastKnownFileType = file.xib; path = RDCFontBookController.xib; sourceTree = "<group>"; };
/* End PBXFileReference section */

/* Begin PBXFrameworksBuildPhase section */
		1476042E17BA6EE00049A857 /* Frameworks */ = {
			isa = PBXFrameworksBuildPhase;
			buildActionMask = 2147483647;
			files = (
				1476043717BA6EE00049A857 /* CoreGraphics.framework in Frameworks */,
				1476043917BA6EE00049A857 /* UIKit.framework in Frameworks */,
				1476043517BA6EE00049A857 /* Foundation.framework in Frameworks */,
			);
			runOnlyForDeploymentPostprocessing = 0;
		};
		1476044F17BA6EE00049A857 /* Frameworks */ = {
			isa = PBXFrameworksBuildPhase;
			buildActionMask = 2147483647;
			files = (
				1476045417BA6EE00049A857 /* XCTest.framework in Frameworks */,
				1476045617BA6EE00049A857 /* UIKit.framework in Frameworks */,
				1476045517BA6EE00049A857 /* Foundation.framework in Frameworks */,
			);
			runOnlyForDeploymentPostprocessing = 0;
		};
/* End PBXFrameworksBuildPhase section */

/* Begin PBXGroup section */
		1476042817BA6EE00049A857 = {
			isa = PBXGroup;
			children = (
				1476043A17BA6EE00049A857 /* CreateDigital */,
				1476045917BA6EE00049A857 /* CreateDigitalTests */,
				1476043317BA6EE00049A857 /* Frameworks */,
				1476043217BA6EE00049A857 /* Products */,
			);
			sourceTree = "<group>";
		};
		1476043217BA6EE00049A857 /* Products */ = {
			isa = PBXGroup;
			children = (
				1476043117BA6EE00049A857 /* CreateDigital.app */,
				1476045217BA6EE00049A857 /* CreateDigitalTests.xctest */,
			);
			name = Products;
			sourceTree = "<group>";
		};
		1476043317BA6EE00049A857 /* Frameworks */ = {
			isa = PBXGroup;
			children = (
				1476043417BA6EE00049A857 /* Foundation.framework */,
				1476043617BA6EE00049A857 /* CoreGraphics.framework */,
				1476043817BA6EE00049A857 /* UIKit.framework */,
				1476045317BA6EE00049A857 /* XCTest.framework */,
			);
			name = Frameworks;
			sourceTree = "<group>";
		};
		1476043A17BA6EE00049A857 /* CreateDigital */ = {
			isa = PBXGroup;
			children = (
				1476044317BA6EE00049A857 /* RDCAppDelegate.h */,
				1476044417BA6EE00049A857 /* RDCAppDelegate.m */,
				1476044617BA6EE00049A857 /* Main.storyboard */,
				1476044C17BA6EE00049A857 /* Images.xcassets */,
				1476043B17BA6EE00049A857 /* Supporting Files */,
				1476047317BA76340049A857 /* RDCFontBookController.h */,
				1476047417BA76340049A857 /* RDCFontBookController.m */,
				1476047517BA76340049A857 /* RDCFontBookController.xib */,
			);
			path = CreateDigital;
			sourceTree = "<group>";
		};
		1476043B17BA6EE00049A857 /* Supporting Files */ = {
			isa = PBXGroup;
			children = (
				1476043C17BA6EE00049A857 /* CreateDigital-Info.plist */,
				1476043D17BA6EE00049A857 /* InfoPlist.strings */,
				1476044017BA6EE00049A857 /* main.m */,
				1476044217BA6EE00049A857 /* CreateDigital-Prefix.pch */,
			);
			name = "Supporting Files";
			sourceTree = "<group>";
		};
		1476045917BA6EE00049A857 /* CreateDigitalTests */ = {
			isa = PBXGroup;
			children = (
				1476045F17BA6EE00049A857 /* CreateDigitalTests.m */,
				1476045A17BA6EE00049A857 /* Supporting Files */,
			);
			path = CreateDigitalTests;
			sourceTree = "<group>";
		};
		1476045A17BA6EE00049A857 /* Supporting Files */ = {
			isa = PBXGroup;
			children = (
				1476045B17BA6EE00049A857 /* CreateDigitalTests-Info.plist */,
				1476045C17BA6EE00049A857 /* InfoPlist.strings */,
			);
			name = "Supporting Files";
			sourceTree = "<group>";
		};
/* End PBXGroup section */

/* Begin PBXNativeTarget section */
		1476043017BA6EE00049A857 /* CreateDigital */ = {
			isa = PBXNativeTarget;
			buildConfigurationList = 1476046317BA6EE00049A857 /* Build configuration list for PBXNativeTarget "CreateDigital" */;
			buildPhases = (
				1476042D17BA6EE00049A857 /* Sources */,
				1476042E17BA6EE00049A857 /* Frameworks */,
				1476042F17BA6EE00049A857 /* Resources */,
			);
			buildRules = (
			);
			dependencies = (
			);
			name = CreateDigital;
			productName = CreateDigital;
			productReference = 1476043117BA6EE00049A857 /* CreateDigital.app */;
			productType = "com.apple.product-type.application";
		};
		1476045117BA6EE00049A857 /* CreateDigitalTests */ = {
			isa = PBXNativeTarget;
			buildConfigurationList = 1476046617BA6EE00049A857 /* Build configuration list for PBXNativeTarget "CreateDigitalTests" */;
			buildPhases = (
				1476044E17BA6EE00049A857 /* Sources */,
				1476044F17BA6EE00049A857 /* Frameworks */,
				1476045017BA6EE00049A857 /* Resources */,
			);
			buildRules = (
			);
			dependencies = (
				1476045817BA6EE00049A857 /* PBXTargetDependency */,
			);
			name = CreateDigitalTests;
			productName = CreateDigitalTests;
			productReference = 1476045217BA6EE00049A857 /* CreateDigitalTests.xctest */;
			productType = "com.apple.product-type.bundle.unit-test";
		};
/* End PBXNativeTarget section */

/* Begin PBXProject section */
		1476042917BA6EE00049A857 /* Project object */ = {
			isa = PBXProject;
			attributes = {
				CLASSPREFIX = RDC;
				LastUpgradeCheck = 0500;
				ORGANIZATIONNAME = "Rocky Desk Creations";
				TargetAttributes = {
					1476045117BA6EE00049A857 = {
						TestTargetID = 1476043017BA6EE00049A857;
					};
				};
			};
			buildConfigurationList = 1476042C17BA6EE00049A857 /* Build configuration list for PBXProject "CreateDigital" */;
			compatibilityVersion = "Xcode 3.2";
			developmentRegion = English;
			hasScannedForEncodings = 0;
			knownRegions = (
				en,
				Base,
			);
			mainGroup = 1476042817BA6EE00049A857;
			productRefGroup = 1476043217BA6EE00049A857 /* Products */;
			projectDirPath = "";
			projectRoot = "";
			targets = (
				1476043017BA6EE00049A857 /* CreateDigital */,
				1476045117BA6EE00049A857 /* CreateDigitalTests */,
			);
		};
/* End PBXProject section */

/* Begin PBXResourcesBuildPhase section */
		1476042F17BA6EE00049A857 /* Resources */ = {
			isa = PBXResourcesBuildPhase;
			buildActionMask = 2147483647;
			files = (
				1476044D17BA6EE00049A857 /* Images.xcassets in Resources */,
				1476047717BA76340049A857 /* RDCFontBookController.xib in Resources */,
				1476043F17BA6EE00049A857 /* InfoPlist.strings in Resources */,
				1476044817BA6EE00049A857 /* Main.storyboard in Resources */,
			);
			runOnlyForDeploymentPostprocessing = 0;
		};
		1476045017BA6EE00049A857 /* Resources */ = {
			isa = PBXResourcesBuildPhase;
			buildActionMask = 2147483647;
			files = (
				1476045E17BA6EE00049A857 /* InfoPlist.strings in Resources */,
			);
			runOnlyForDeploymentPostprocessing = 0;
		};
/* End PBXResourcesBuildPhase section */

/* Begin PBXSourcesBuildPhase section */
		1476042D17BA6EE00049A857 /* Sources */ = {
			isa = PBXSourcesBuildPhase;
			buildActionMask = 2147483647;
			files = (
				1476047617BA76340049A857 /* RDCFontBookController.m in Sources */,
				1476044517BA6EE00049A857 /* RDCAppDelegate.m in Sources */,
				1476044117BA6EE00049A857 /* main.m in Sources */,
			);
			runOnlyForDeploymentPostprocessing = 0;
		};
		1476044E17BA6EE00049A857 /* Sources */ = {
			isa = PBXSourcesBuildPhase;
			buildActionMask = 2147483647;
			files = (
				1476046017BA6EE00049A857 /* CreateDigitalTests.m in Sources */,
			);
			runOnlyForDeploymentPostprocessing = 0;
		};
/* End PBXSourcesBuildPhase section */

/* Begin PBXTargetDependency section */
		1476045817BA6EE00049A857 /* PBXTargetDependency */ = {
			isa = PBXTargetDependency;
			target = 1476043017BA6EE00049A857 /* CreateDigital */;
			targetProxy = 1476045717BA6EE00049A857 /* PBXContainerItemProxy */;
		};
/* End PBXTargetDependency section */

/* Begin PBXVariantGroup section */
		1476043D17BA6EE00049A857 /* InfoPlist.strings */ = {
			isa = PBXVariantGroup;
			children = (
				1476043E17BA6EE00049A857 /* en */,
			);
			name = InfoPlist.strings;
			sourceTree = "<group>";
		};
		1476044617BA6EE00049A857 /* Main.storyboard */ = {
			isa = PBXVariantGroup;
			children = (
				1476044717BA6EE00049A857 /* Base */,
			);
			name = Main.storyboard;
			sourceTree = "<group>";
		};
		1476045C17BA6EE00049A857 /* InfoPlist.strings */ = {
			isa = PBXVariantGroup;
			children = (
				1476045D17BA6EE00049A857 /* en */,
			);
			name = InfoPlist.strings;
			sourceTree = "<group>";
		};
/* End PBXVariantGroup section */

/* Begin XCBuildConfiguration section */
		1476046117BA6EE00049A857 /* Debug */ = {
			isa = XCBuildConfiguration;
			buildSettings = {
				ALWAYS_SEARCH_USER_PATHS = NO;
				CLANG_CXX_LANGUAGE_STANDARD = "gnu++0x";
				CLANG_CXX_LIBRARY = "libc++";
				CLANG_ENABLE_MODULES = YES;
				CLANG_ENABLE_OBJC_ARC = YES;
				CLANG_WARN_BOOL_CONVERSION = YES;
				CLANG_WARN_CONSTANT_CONVERSION = YES;
				CLANG_WARN_DIRECT_OBJC_ISA_USAGE = YES_ERROR;
				CLANG_WARN_EMPTY_BODY = YES;
				CLANG_WARN_ENUM_CONVERSION = YES;
				CLANG_WARN_INT_CONVERSION = YES;
				CLANG_WARN_OBJC_ROOT_CLASS = YES_ERROR;
				CLANG_WARN__DUPLICATE_METHOD_MATCH = YES;
				"CODE_SIGN_IDENTITY[sdk=iphoneos*]" = "iPhone Developer";
				COPY_PHASE_STRIP = NO;
				GCC_C_LANGUAGE_STANDARD = gnu99;
				GCC_DYNAMIC_NO_PIC = NO;
				GCC_OPTIMIZATION_LEVEL = 0;
				GCC_PREPROCESSOR_DEFINITIONS = (
					"DEBUG=1",
					"$(inherited)",
				);
				GCC_SYMBOLS_PRIVATE_EXTERN = NO;
				GCC_WARN_ABOUT_RETURN_TYPE = YES_ERROR;
				GCC_WARN_UNDECLARED_SELECTOR = YES;
				GCC_WARN_UNINITIALIZED_AUTOS = YES;
				GCC_WARN_UNUSED_FUNCTION = YES;
				GCC_WARN_UNUSED_VARIABLE = YES;
				IPHONEOS_DEPLOYMENT_TARGET = 7.0;
				ONLY_ACTIVE_ARCH = YES;
				SDKROOT = iphoneos;
			};
			name = Debug;
		};
		1476046217BA6EE00049A857 /* Release */ = {
			isa = XCBuildConfiguration;
			buildSettings = {
				ALWAYS_SEARCH_USER_PATHS = NO;
				CLANG_CXX_LANGUAGE_STANDARD = "gnu++0x";
				CLANG_CXX_LIBRARY = "libc++";
				CLANG_ENABLE_MODULES = YES;
				CLANG_ENABLE_OBJC_ARC = YES;
				CLANG_WARN_BOOL_CONVERSION = YES;
				CLANG_WARN_CONSTANT_CONVERSION = YES;
				CLANG_WARN_DIRECT_OBJC_ISA_USAGE = YES_ERROR;
				CLANG_WARN_EMPTY_BODY = YES;
				CLANG_WARN_ENUM_CONVERSION = YES;
				CLANG_WARN_INT_CONVERSION = YES;
				CLANG_WARN_OBJC_ROOT_CLASS = YES_ERROR;
				CLANG_WARN__DUPLICATE_METHOD_MATCH = YES;
				"CODE_SIGN_IDENTITY[sdk=iphoneos*]" = "iPhone Developer";
				COPY_PHASE_STRIP = YES;
				ENABLE_NS_ASSERTIONS = NO;
				GCC_C_LANGUAGE_STANDARD = gnu99;
				GCC_WARN_ABOUT_RETURN_TYPE = YES_ERROR;
				GCC_WARN_UNDECLARED_SELECTOR = YES;
				GCC_WARN_UNINITIALIZED_AUTOS = YES;
				GCC_WARN_UNUSED_FUNCTION = YES;
				GCC_WARN_UNUSED_VARIABLE = YES;
				IPHONEOS_DEPLOYMENT_TARGET = 7.0;
				SDKROOT = iphoneos;
				VALIDATE_PRODUCT = YES;
			};
			name = Release;
		};
		1476046417BA6EE00049A857 /* Debug */ = {
			isa = XCBuildConfiguration;
			buildSettings = {
				ASSETCATALOG_COMPILER_APPICON_NAME = AppIcon;
				ASSETCATALOG_COMPILER_LAUNCHIMAGE_NAME = LaunchImage;
				GCC_PRECOMPILE_PREFIX_HEADER = YES;
				GCC_PREFIX_HEADER = "CreateDigital/CreateDigital-Prefix.pch";
				INFOPLIST_FILE = "CreateDigital/CreateDigital-Info.plist";
				PRODUCT_NAME = "$(TARGET_NAME)";
				WRAPPER_EXTENSION = app;
			};
			name = Debug;
		};
		1476046517BA6EE00049A857 /* Release */ = {
			isa = XCBuildConfiguration;
			buildSettings = {
				ASSETCATALOG_COMPILER_APPICON_NAME = AppIcon;
				ASSETCATALOG_COMPILER_LAUNCHIMAGE_NAME = LaunchImage;
				GCC_PRECOMPILE_PREFIX_HEADER = YES;
				GCC_PREFIX_HEADER = "CreateDigital/CreateDigital-Prefix.pch";
				INFOPLIST_FILE = "CreateDigital/CreateDigital-Info.plist";
				PRODUCT_NAME = "$(TARGET_NAME)";
				WRAPPER_EXTENSION = app;
			};
			name = Release;
		};
		1476046717BA6EE00049A857 /* Debug */ = {
			isa = XCBuildConfiguration;
			buildSettings = {
				BUNDLE_LOADER = "$(BUILT_PRODUCTS_DIR)/CreateDigital.app/CreateDigital";
				FRAMEWORK_SEARCH_PATHS = (
					"$(SDKROOT)/Developer/Library/Frameworks",
					"$(inherited)",
					"$(SYSTEM_APPS_DIR)/Xcode5-DP.app/Contents/Developer/Library/Frameworks",
				);
				GCC_PRECOMPILE_PREFIX_HEADER = YES;
				GCC_PREFIX_HEADER = "CreateDigital/CreateDigital-Prefix.pch";
				GCC_PREPROCESSOR_DEFINITIONS = (
					"DEBUG=1",
					"$(inherited)",
				);
				INFOPLIST_FILE = "CreateDigitalTests/CreateDigitalTests-Info.plist";
				PRODUCT_NAME = "$(TARGET_NAME)";
				TEST_HOST = "$(BUNDLE_LOADER)";
				WRAPPER_EXTENSION = xctest;
			};
			name = Debug;
		};
		1476046817BA6EE00049A857 /* Release */ = {
			isa = XCBuildConfiguration;
			buildSettings = {
				BUNDLE_LOADER = "$(BUILT_PRODUCTS_DIR)/CreateDigital.app/CreateDigital";
				FRAMEWORK_SEARCH_PATHS = (
					"$(SDKROOT)/Developer/Library/Frameworks",
					"$(inherited)",
					"$(SYSTEM_APPS_DIR)/Xcode5-DP.app/Contents/Developer/Library/Frameworks",
				);
				GCC_PRECOMPILE_PREFIX_HEADER = YES;
				GCC_PREFIX_HEADER = "CreateDigital/CreateDigital-Prefix.pch";
				INFOPLIST_FILE = "CreateDigitalTests/CreateDigitalTests-Info.plist";
				PRODUCT_NAME = "$(TARGET_NAME)";
				TEST_HOST = "$(BUNDLE_LOADER)";
				WRAPPER_EXTENSION = xctest;
			};
			name = Release;
		};
/* End XCBuildConfiguration section */

/* Begin XCConfigurationList section */
		1476042C17BA6EE00049A857 /* Build configuration list for PBXProject "CreateDigital" */ = {
			isa = XCConfigurationList;
			buildConfigurations = (
				1476046117BA6EE00049A857 /* Debug */,
				1476046217BA6EE00049A857 /* Release */,
			);
			defaultConfigurationIsVisible = 0;
			defaultConfigurationName = Release;
		};
		1476046317BA6EE00049A857 /* Build configuration list for PBXNativeTarget "CreateDigital" */ = {
			isa = XCConfigurationList;
			buildConfigurations = (
				1476046417BA6EE00049A857 /* Debug */,
				1476046517BA6EE00049A857 /* Release */,
			);
			defaultConfigurationIsVisible = 0;
		};
		1476046617BA6EE00049A857 /* Build configuration list for PBXNativeTarget "CreateDigitalTests" */ = {
			isa = XCConfigurationList;
			buildConfigurations = (
				1476046717BA6EE00049A857 /* Debug */,
				1476046817BA6EE00049A857 /* Release */,
			);
			defaultConfigurationIsVisible = 0;
		};
/* End XCConfigurationList section */
	};
	rootObject = 1476042917BA6EE00049A857 /* Project object */;
}
